
Microsoft Visual Studio Solution File, Format Version 12.00
# Visual Studio 15
VisualStudioVersion = 15.0.28307.168
MinimumVisualStudioVersion = 10.0.40219.1
Project("{FAE04EC0-301F-11D3-BF4B-00C04F79EFBC}") = "FightingHeroes", "FightingHeroes\FightingHeroes.csproj", "{72D56BA4-9030-4448-8301-1724BA9AD199}"
EndProject
Global
	GlobalSection(SolutionConfigurationPlatforms) = preSolution
		Debug|Any CPU = Debug|Any CPU
		Release|Any CPU = Release|Any CPU
	EndGlobalSection
	GlobalSection(ProjectConfigurationPlatforms) = postSolution
		{72D56BA4-9030-4448-8301-1724BA9AD199}.Debug|Any CPU.ActiveCfg = Debug|Any CPU
		{72D56BA4-9030-4448-8301-1724BA9AD199}.Debug|Any CPU.Build.0 = Debug|Any CPU
		{72D56BA4-9030-4448-8301-1724BA9AD199}.Release|Any CPU.ActiveCfg = Release|Any CPU
		{72D56BA4-9030-4448-8301-1724BA9AD199}.Release|Any CPU.Build.0 = Release|Any CPU
	EndGlobalSection
	GlobalSection(SolutionProperties) = preSolution
		HideSolutionNode = FALSE
	EndGlobalSection
	GlobalSection(ExtensibilityGlobals) = postSolution
		SolutionGuid = {4C4B2E3D-2991-4BEF-9C96-B3F48B75FF1D}
	EndGlobalSection
EndGlobal
